# THIS IS AN AUTOGENERATED FILE. DO NOT EDIT THIS FILE DIRECTLY.
# yarn lockfile v1


"@envelop/core@^3.0.4":
  version "3.0.6"
  resolved "https://registry.npmmirror.com/@envelop/core/-/core-3.0.6.tgz"
  integrity sha512-06t1xCPXq6QFN7W1JUEf68aCwYN0OUDNAIoJe7bAqhaoa2vn7NCcuX1VHkJ/OWpmElUgCsRO6RiBbIru1in0Ig==
  dependencies:
    "@envelop/types" "3.0.2"
    tslib "^2.5.0"

"@envelop/types@3.0.2":
  version "3.0.2"
  resolved "https://registry.npmmirror.com/@envelop/types/-/types-3.0.2.tgz"
  integrity sha512-pOFea9ha0EkURWxJ/35axoH9fDGP5S2cUu/5Mmo9pb8zUf+TaEot8vB670XXihFEn/92759BMjLJNWBKmNhyng==
  dependencies:
    tslib "^2.5.0"

"@envelop/validation-cache@^5.1.2":
  version "5.1.2"
  resolved "https://registry.npmmirror.com/@envelop/validation-cache/-/validation-cache-5.1.2.tgz"
  integrity sha512-APofOvjaHrF+IW71VCXdyG+EbA6EQJXdunUe1EECU9vZzGKYUuQXfVeCOD6IYNF44KKSQArTfU8RhnUlW6VyOQ==
  dependencies:
    fast-json-stable-stringify "^2.1.0"
    lru-cache "^6.0.0"
    sha1-es "^1.8.2"
    tslib "^2.5.0"

"@graphql-tools/executor@^0.0.16":
  version "0.0.16"
  resolved "https://registry.npmmirror.com/@graphql-tools/executor/-/executor-0.0.16.tgz"
  integrity sha512-TGhvJPNaZbvhurLQtYBfedvNRuokvoPRC3vCjeHCe9AOUfb8Vn7Jvrpnys5R/wdCnXKsOpCm9QZt9OqNMfkByQ==
  dependencies:
    "@graphql-tools/utils" "9.2.1"
    "@graphql-typed-document-node/core" "3.2.0"
    "@repeaterjs/repeater" "3.0.4"
    tslib "^2.4.0"
    value-or-promise "1.0.12"

"@graphql-tools/merge@^8.4.1":
  version "8.4.1"
  resolved "https://registry.npmmirror.com/@graphql-tools/merge/-/merge-8.4.1.tgz"
  integrity sha512-hssnPpZ818mxgl5+GfyOOSnnflAxiaTn1A1AojZcIbh4J52sS1Q0gSuBR5VrnUDjuxiqoCotpXdAQl+K+U6KLQ==
  dependencies:
    "@graphql-tools/utils" "^9.2.1"
    tslib "^2.4.0"

"@graphql-tools/schema@^9.0.0":
  version "9.0.18"
  resolved "https://registry.npmmirror.com/@graphql-tools/schema/-/schema-9.0.18.tgz"
  integrity sha512-Kckb+qoo36o5RSIVfBNU5XR5fOg4adNa1xuhhUgbQejDaI684tIJbTWwYbrDPVEGL/dqJJX3rrsq7RLufjNFoQ==
  dependencies:
    "@graphql-tools/merge" "^8.4.1"
    "@graphql-tools/utils" "^9.2.1"
    tslib "^2.4.0"
    value-or-promise "1.0.12"

"@graphql-tools/utils@9.2.1", "@graphql-tools/utils@^9.2.1":
  version "9.2.1"
  resolved "https://registry.npmmirror.com/@graphql-tools/utils/-/utils-9.2.1.tgz"
  integrity sha512-WUw506Ql6xzmOORlriNrD6Ugx+HjVgYxt9KCXD9mHAak+eaXSwuGGPyE60hy9xaDEoXKBsG7SkG69ybitaVl6A==
  dependencies:
    "@graphql-typed-document-node/core" "^3.1.1"
    tslib "^2.4.0"

"@graphql-typed-document-node/core@3.2.0", "@graphql-typed-document-node/core@^3.1.1":
  version "3.2.0"
  resolved "https://registry.npmmirror.com/@graphql-typed-document-node/core/-/core-3.2.0.tgz"
  integrity sha512-mB9oAsNCm9aM3/SOv4YtBMqZbYj10R7dkq8byBqxGY/ncFwhf2oQzMV+LCRlWoDSEBJ3COiR1yeDvMtsoOsuFQ==

"@graphql-yoga/logger@^0.0.1":
  version "0.0.1"
  resolved "https://registry.npmmirror.com/@graphql-yoga/logger/-/logger-0.0.1.tgz"
  integrity sha512-6npFz7eZz33mXgSm1waBLMjUNG0D5hTc/p5Hcs1mojkT3KsLpCOFokzTEKboNsBhKevYcaVa/xeA7WBj4UYMLg==
  dependencies:
    tslib "^2.3.1"

"@graphql-yoga/subscription@^3.1.0":
  version "3.1.0"
  resolved "https://registry.npmmirror.com/@graphql-yoga/subscription/-/subscription-3.1.0.tgz"
  integrity sha512-Vc9lh8KzIHyS3n4jBlCbz7zCjcbtQnOBpsymcRvHhFr2cuH+knmRn0EmzimMQ58jQ8kxoRXXC3KJS3RIxSdPIg==
  dependencies:
    "@graphql-yoga/typed-event-target" "^1.0.0"
    "@repeaterjs/repeater" "^3.0.4"
    "@whatwg-node/events" "0.0.2"
    tslib "^2.3.1"

"@graphql-yoga/typed-event-target@^1.0.0":
  version "1.0.0"
  resolved "https://registry.npmmirror.com/@graphql-yoga/typed-event-target/-/typed-event-target-1.0.0.tgz"
  integrity sha512-Mqni6AEvl3VbpMtKw+TIjc9qS9a8hKhiAjFtqX488yq5oJtj9TkNlFTIacAVS3vnPiswNsmDiQqvwUOcJgi1DA==
  dependencies:
    "@repeaterjs/repeater" "^3.0.4"
    tslib "^2.3.1"

"@next/env@13.1.1":
  version "13.1.1"
  resolved "https://registry.npmjs.org/@next/env/-/env-13.1.1.tgz"
  integrity sha512-vFMyXtPjSAiOXOywMojxfKIqE3VWN5RCAx+tT3AS3pcKjMLFTCJFUWsKv8hC+87Z1F4W3r68qTwDFZIFmd5Xkw==

"@next/font@13.1.1":
  version "13.1.1"
  resolved "https://registry.npmjs.org/@next/font/-/font-13.1.1.tgz#a0cb38bf8a181560f195d82f13f9f92fd0b0dd20"
  integrity sha512-amygRorS05hYK1/XQRZo5qBl7l2fpHnezeKU/cNveWU5QJg+sg8gMGkUXHtvesNKpiKIJshBRH1TzvO+2sKpvQ==

"@next/swc-android-arm-eabi@13.1.1":
  version "13.1.1"
  resolved "https://registry.npmjs.org/@next/swc-android-arm-eabi/-/swc-android-arm-eabi-13.1.1.tgz#b5c3cd1f79d5c7e6a3b3562785d4e5ac3555b9e1"
  integrity sha512-qnFCx1kT3JTWhWve4VkeWuZiyjG0b5T6J2iWuin74lORCupdrNukxkq9Pm+Z7PsatxuwVJMhjUoYz7H4cWzx2A==

"@next/swc-android-arm64@13.1.1":
  version "13.1.1"
  resolved "https://registry.npmjs.org/@next/swc-android-arm64/-/swc-android-arm64-13.1.1.tgz#e2ca9ccbba9ef770cb19fbe96d1ac00fe4cb330d"
  integrity sha512-eCiZhTzjySubNqUnNkQCjU3Fh+ep3C6b5DCM5FKzsTH/3Gr/4Y7EiaPZKILbvnXmhWtKPIdcY6Zjx51t4VeTfA==

"@next/swc-darwin-arm64@13.1.1":
  version "13.1.1"
  resolved "https://registry.npmjs.org/@next/swc-darwin-arm64/-/swc-darwin-arm64-13.1.1.tgz#4af00877332231bbd5a3703435fdd0b011e74767"
  integrity sha512-9zRJSSIwER5tu9ADDkPw5rIZ+Np44HTXpYMr0rkM656IvssowPxmhK0rTreC1gpUCYwFsRbxarUJnJsTWiutPg==

"@next/swc-darwin-x64@13.1.1":
  version "13.1.1"
  resolved "https://registry.npmjs.org/@next/swc-darwin-x64/-/swc-darwin-x64-13.1.1.tgz"
  integrity sha512-qWr9qEn5nrnlhB0rtjSdR00RRZEtxg4EGvicIipqZWEyayPxhUu6NwKiG8wZiYZCLfJ5KWr66PGSNeDMGlNaiA==

"@next/swc-freebsd-x64@13.1.1":
  version "13.1.1"
  resolved "https://registry.npmjs.org/@next/swc-freebsd-x64/-/swc-freebsd-x64-13.1.1.tgz#6933ea1264328e8523e28818f912cd53824382d4"
  integrity sha512-UwP4w/NcQ7V/VJEj3tGVszgb4pyUCt3lzJfUhjDMUmQbzG9LDvgiZgAGMYH6L21MoyAATJQPDGiAMWAPKsmumA==

"@next/swc-linux-arm-gnueabihf@13.1.1":
  version "13.1.1"
  resolved "https://registry.npmjs.org/@next/swc-linux-arm-gnueabihf/-/swc-linux-arm-gnueabihf-13.1.1.tgz#b5896967aaba3873d809c3ad2e2039e89acde419"
  integrity sha512-CnsxmKHco9sosBs1XcvCXP845Db+Wx1G0qouV5+Gr+HT/ZlDYEWKoHVDgnJXLVEQzq4FmHddBNGbXvgqM1Gfkg==

"@next/swc-linux-arm64-gnu@13.1.1":
  version "13.1.1"
  resolved "https://registry.npmjs.org/@next/swc-linux-arm64-gnu/-/swc-linux-arm64-gnu-13.1.1.tgz#91b3e9ea8575b1ded421c0ea0739b7bccf228469"
  integrity sha512-JfDq1eri5Dif+VDpTkONRd083780nsMCOKoFG87wA0sa4xL8LGcXIBAkUGIC1uVy9SMsr2scA9CySLD/i+Oqiw==

"@next/swc-linux-arm64-musl@13.1.1":
  version "13.1.1"
  resolved "https://registry.npmjs.org/@next/swc-linux-arm64-musl/-/swc-linux-arm64-musl-13.1.1.tgz#83149ea05d7d55f3664d608dbe004c0d125f9147"
  integrity sha512-GA67ZbDq2AW0CY07zzGt07M5b5Yaq5qUpFIoW3UFfjOPgb0Sqf3DAW7GtFMK1sF4ROHsRDMGQ9rnT0VM2dVfKA==

"@next/swc-linux-x64-gnu@13.1.1":
  version "13.1.1"
  resolved "https://registry.npmjs.org/@next/swc-linux-x64-gnu/-/swc-linux-x64-gnu-13.1.1.tgz#d7d0777b56de0dd82b78055772e13e18594a15ca"
  integrity sha512-nnjuBrbzvqaOJaV+XgT8/+lmXrSCOt1YYZn/irbDb2fR2QprL6Q7WJNgwsZNxiLSfLdv+2RJGGegBx9sLBEzGA==

"@next/swc-linux-x64-musl@13.1.1":
  version "13.1.1"
  resolved "https://registry.npmjs.org/@next/swc-linux-x64-musl/-/swc-linux-x64-musl-13.1.1.tgz#41655722b127133cd95ab5bc8ca1473e9ab6876f"
  integrity sha512-CM9xnAQNIZ8zf/igbIT/i3xWbQZYaF397H+JroF5VMOCUleElaMdQLL5riJml8wUfPoN3dtfn2s4peSr3azz/g==

"@next/swc-win32-arm64-msvc@13.1.1":
  version "13.1.1"
  resolved "https://registry.npmjs.org/@next/swc-win32-arm64-msvc/-/swc-win32-arm64-msvc-13.1.1.tgz#f10da3dfc9b3c2bbd202f5d449a9b807af062292"
  integrity sha512-pzUHOGrbgfGgPlOMx9xk3QdPJoRPU+om84hqVoe6u+E0RdwOG0Ho/2UxCgDqmvpUrMab1Deltlt6RqcXFpnigQ==

"@next/swc-win32-ia32-msvc@13.1.1":
  version "13.1.1"
  resolved "https://registry.npmjs.org/@next/swc-win32-ia32-msvc/-/swc-win32-ia32-msvc-13.1.1.tgz#4c0102b9b18ece15c818056d07e3917ee9dade78"
  integrity sha512-WeX8kVS46aobM9a7Xr/kEPcrTyiwJqQv/tbw6nhJ4fH9xNZ+cEcyPoQkwPo570dCOLz3Zo9S2q0E6lJ/EAUOBg==

"@next/swc-win32-x64-msvc@13.1.1":
  version "13.1.1"
  resolved "https://registry.npmjs.org/@next/swc-win32-x64-msvc/-/swc-win32-x64-msvc-13.1.1.tgz#c209a37da13be27b722f9c40c40ab4b094866244"
  integrity sha512-mVF0/3/5QAc5EGVnb8ll31nNvf3BWpPY4pBb84tk+BfQglWLqc5AC9q1Ht/YMWiEgs8ALNKEQ3GQnbY0bJF2Gg==

"@peculiar/asn1-schema@^2.3.6":
  version "2.3.6"
  resolved "https://registry.npmmirror.com/@peculiar/asn1-schema/-/asn1-schema-2.3.6.tgz"
  integrity sha512-izNRxPoaeJeg/AyH8hER6s+H7p4itk+03QCa4sbxI3lNdseQYCuxzgsuNK8bTXChtLTjpJz6NmXKA73qLa3rCA==
  dependencies:
    asn1js "^3.0.5"
    pvtsutils "^1.3.2"
    tslib "^2.4.0"

"@peculiar/json-schema@^1.1.12":
  version "1.1.12"
  resolved "https://registry.npmmirror.com/@peculiar/json-schema/-/json-schema-1.1.12.tgz"
  integrity sha512-coUfuoMeIB7B8/NMekxaDzLhaYmp0HZNPEjYRm9goRou8UZIC3z21s0sL9AWoCw4EG876QyO3kYrc61WNF9B/w==
  dependencies:
    tslib "^2.0.0"

"@peculiar/webcrypto@^1.4.0":
  version "1.4.3"
  resolved "https://registry.npmmirror.com/@peculiar/webcrypto/-/webcrypto-1.4.3.tgz"
  integrity sha512-VtaY4spKTdN5LjJ04im/d/joXuvLbQdgy5Z4DXF4MFZhQ+MTrejbNMkfZBp1Bs3O5+bFqnJgyGdPuZQflvIa5A==
  dependencies:
    "@peculiar/asn1-schema" "^2.3.6"
    "@peculiar/json-schema" "^1.1.12"
    pvtsutils "^1.3.2"
    tslib "^2.5.0"
    webcrypto-core "^1.7.7"

"@popperjs/core@^2.11.7":
  version "2.11.7"
  resolved "https://registry.npmjs.org/@popperjs/core/-/core-2.11.7.tgz"
  integrity sha512-Cr4OjIkipTtcXKjAsm8agyleBuDHvxzeBoa1v543lbv1YaIwQjESsVcmjiWiPEbC1FIeHOG/Op9kdCmAmiS3Kw==

"@repeaterjs/repeater@3.0.4", "@repeaterjs/repeater@^3.0.4":
  version "3.0.4"
  resolved "https://registry.npmmirror.com/@repeaterjs/repeater/-/repeater-3.0.4.tgz"
  integrity sha512-AW8PKd6iX3vAZ0vA43nOUOnbq/X5ihgU+mSXXqunMkeQADGiqw/PY0JNeYtD5sr0PAy51YPgAPbDoeapv9r8WA==

"@swc/helpers@0.4.14":
  version "0.4.14"
  resolved "https://registry.npmjs.org/@swc/helpers/-/helpers-0.4.14.tgz"
  integrity sha512-4C7nX/dvpzB7za4Ql9K81xK3HPxCpHMgwTZVyf+9JQ6VUbn9jjZVN7/Nkdz/Ugzs2CSjqnL/UPXroiVBVHUWUw==
  dependencies:
    tslib "^2.4.0"

"@types/node@^18.0.2":
  version "18.15.11"
  resolved "https://registry.npmmirror.com/@types/node/-/node-18.15.11.tgz"
  integrity sha512-E5Kwq2n4SbMzQOn6wnmBjuK9ouqlURrcZDVfbo9ftDDTFt3nk7ZKK4GMOzoYgnpQJKcxwQw+lGaBvvlMo0qN/Q==

"@types/prop-types@*":
  version "15.7.5"
  resolved "https://registry.npmmirror.com/@types/prop-types/-/prop-types-15.7.5.tgz"
  integrity sha512-JCB8C6SnDoQf0cNycqd/35A7MjcnK+ZTqE7judS6o7utxUCg6imJg3QK2qzHKszlTjcj2cn+NwMB2i96ubpj7w==

"@types/react-dom@^18.0.6":
  version "18.0.11"
  resolved "https://registry.npmmirror.com/@types/react-dom/-/react-dom-18.0.11.tgz"
  integrity sha512-O38bPbI2CWtgw/OoQoY+BRelw7uysmXbWvw3nLWO21H1HSh+GOlqPuXshJfjmpNlKiiSDG9cc1JZAaMmVdcTlw==
  dependencies:
    "@types/react" "*"

"@types/react@*", "@types/react@^18.0.15":
  version "18.0.35"
  resolved "https://registry.npmmirror.com/@types/react/-/react-18.0.35.tgz"
  integrity sha512-6Laome31HpetaIUGFWl1VQ3mdSImwxtFZ39rh059a1MNnKGqBpC88J6NJ8n/Is3Qx7CefDGLgf/KhN/sYCf7ag==
  dependencies:
    "@types/prop-types" "*"
    "@types/scheduler" "*"
    csstype "^3.0.2"

"@types/scheduler@*":
  version "0.16.3"
  resolved "https://registry.npmmirror.com/@types/scheduler/-/scheduler-0.16.3.tgz"
  integrity sha512-5cJ8CB4yAx7BH1oMvdU0Jh9lrEXyPkar6F9G/ERswkCuvP4KQZfZkSjcMbAICCpQTN4OuZn8tz0HiKv9TGZgrQ==

"@whatwg-node/events@0.0.2", "@whatwg-node/events@^0.0.2":
  version "0.0.2"
  resolved "https://registry.npmmirror.com/@whatwg-node/events/-/events-0.0.2.tgz"
  integrity sha512-WKj/lI4QjnLuPrim0cfO7i+HsDSXHxNv1y0CrJhdntuO3hxWZmnXCwNDnwOvry11OjRin6cgWNF+j/9Pn8TN4w==

"@whatwg-node/fetch@^0.8.3", "@whatwg-node/fetch@^0.8.4":
  version "0.8.5"
  resolved "https://registry.npmmirror.com/@whatwg-node/fetch/-/fetch-0.8.5.tgz"
  integrity sha512-pNvoYGPa0hjbVqs+r0blMjaWlrMeb0snwRCTAEdng5Jm00PY9wO4K8m99BmfLn6WED0FKOXTlF53+en/3xybqw==
  dependencies:
    "@peculiar/webcrypto" "^1.4.0"
    "@whatwg-node/node-fetch" "^0.3.3"
    busboy "^1.6.0"
    urlpattern-polyfill "^7.0.0"
    web-streams-polyfill "^3.2.1"

"@whatwg-node/node-fetch@^0.3.3":
  version "0.3.5"
  resolved "https://registry.npmmirror.com/@whatwg-node/node-fetch/-/node-fetch-0.3.5.tgz"
  integrity sha512-96crxTZn6L+xFefEKkeAZrGmZ7WUXDYUzAfBf1VtrdS5YozLnFbj9/CNZ8S2LdRS2iL3pMSCvE1xD1wiIAXkAA==
  dependencies:
    "@whatwg-node/events" "^0.0.2"
    busboy "^1.6.0"
    fast-querystring "^1.1.1"
    fast-url-parser "^1.1.3"
    tslib "^2.3.1"

"@whatwg-node/server@^0.7.3":
  version "0.7.5"
  resolved "https://registry.npmmirror.com/@whatwg-node/server/-/server-0.7.5.tgz"
  integrity sha512-xTDJdPqr/wULxW3mGXQXD92SRXUm6jwQxqIvyHG17dykRTd21HuCaS2ggBn5lSAM/sYjjrT+OYv3fXbtS4+Mjw==
  dependencies:
    "@whatwg-node/fetch" "^0.8.3"
    tslib "^2.3.1"

anymatch@~3.1.2:
  version "3.1.3"
  resolved "https://registry.npmjs.org/anymatch/-/anymatch-3.1.3.tgz"
  integrity sha512-KMReFUr0B4t+D+OBkjR3KYqvocp2XaSzO55UcB6mgQMd3KbcE+mWTyvVV7D/zsdEbNnV6acZUutkiHQXvTr1Rw==
  dependencies:
    normalize-path "^3.0.0"
    picomatch "^2.0.4"

asn1js@^3.0.1, asn1js@^3.0.5:
  version "3.0.5"
  resolved "https://registry.npmmirror.com/asn1js/-/asn1js-3.0.5.tgz"
  integrity sha512-FVnvrKJwpt9LP2lAMl8qZswRNm3T4q9CON+bxldk2iwk3FFpuwhx2FfinyitizWHsVYyaY+y5JzDR0rCMV5yTQ==
  dependencies:
    pvtsutils "^1.3.2"
    pvutils "^1.1.3"
    tslib "^2.4.0"

binary-extensions@^2.0.0:
  version "2.2.0"
  resolved "https://registry.npmjs.org/binary-extensions/-/binary-extensions-2.2.0.tgz"
  integrity sha512-jDctJ/IVQbZoJykoeHbhXpOlNBqGNcwXJKJog42E5HDPUwQTSdjCHdihjj0DlnheQ7blbT6dHOafNAiS8ooQKA==

bootstrap@^5.2.3:
  version "5.2.3"
  resolved "https://registry.npmjs.org/bootstrap/-/bootstrap-5.2.3.tgz"
  integrity sha512-cEKPM+fwb3cT8NzQZYEu4HilJ3anCrWqh3CHAok1p9jXqMPsPTBhU25fBckEJHJ/p+tTxTFTsFQGM+gaHpi3QQ==

braces@^3.0.2, braces@~3.0.2:
  version "3.0.2"
  resolved "https://registry.npmmirror.com/braces/-/braces-3.0.2.tgz"
  integrity sha512-b8um+L1RzM3WDSzvhm6gIz1yfTbBt6YTlcEKAvsmqCZZFw46z626lVj9j1yEPW33H5H+lBQpZMP1k8l+78Ha0A==
  dependencies:
    fill-range "^7.0.1"

busboy@^1.6.0:
  version "1.6.0"
  resolved "https://registry.npmmirror.com/busboy/-/busboy-1.6.0.tgz"
  integrity sha512-8SFQbg/0hQ9xy3UNTB0YEnsNBbWfhf7RtnzpL7TkBiTBRfrQ9Fxcnz7VJsleJpyp6rVLvXiuORqjlHi5q+PYuA==
  dependencies:
    streamsearch "^1.1.0"

caniuse-lite@^1.0.30001406:
  version "1.0.30001480"
  resolved "https://registry.npmjs.org/caniuse-lite/-/caniuse-lite-1.0.30001480.tgz"
  integrity sha512-q7cpoPPvZYgtyC4VaBSN0Bt+PJ4c4EYRf0DrduInOz2SkFpHD5p3LnvEpqBp7UnJn+8x1Ogl1s38saUxe+ihQQ==

"chokidar@>=3.0.0 <4.0.0":
  version "3.5.3"
  resolved "https://registry.npmjs.org/chokidar/-/chokidar-3.5.3.tgz"
  integrity sha512-Dr3sfKRP6oTcjf2JmUmFJfeVMvXBdegxB0iVQ5eb2V10uFJUCAS8OByZdVAyVb8xXNz3GjjTgj9kLWsZTqE6kw==
  dependencies:
    anymatch "~3.1.2"
    braces "~3.0.2"
    glob-parent "~5.1.2"
    is-binary-path "~2.1.0"
    is-glob "~4.0.1"
    normalize-path "~3.0.0"
    readdirp "~3.6.0"
  optionalDependencies:
    fsevents "~2.3.2"

client-only@0.0.1:
  version "0.0.1"
  resolved "https://registry.npmjs.org/client-only/-/client-only-0.0.1.tgz"
  integrity sha512-IV3Ou0jSMzZrd3pZ48nLkT9DA7Ag1pnPzaiQhpW7c3RbcqqzvzzVu+L8gfqMp/8IM2MQtSiqaCxrrcfu8I8rMA==

csstype@^3.0.2:
  version "3.1.2"
  resolved "https://registry.npmmirror.com/csstype/-/csstype-3.1.2.tgz"
  integrity sha512-I7K1Uu0MBPzaFKg4nI5Q7Vs2t+3gWWW648spaF+Rg7pI9ds18Ugn+lvg4SHczUdKlHI5LWBXyqfS8+DufyBsgQ==

dset@^3.1.1:
  version "3.1.2"
  resolved "https://registry.npmmirror.com/dset/-/dset-3.1.2.tgz"
  integrity sha512-g/M9sqy3oHe477Ar4voQxWtaPIFw1jTdKZuomOjhCcBx9nHUNn0pu6NopuFFrTh/TRZIKEj+76vLWFu9BNKk+Q==

fast-decode-uri-component@^1.0.1:
  version "1.0.1"
  resolved "https://registry.npmmirror.com/fast-decode-uri-component/-/fast-decode-uri-component-1.0.1.tgz"
  integrity sha512-WKgKWg5eUxvRZGwW8FvfbaH7AXSh2cL+3j5fMGzUMCxWBJ3dV3a7Wz8y2f/uQ0e3B6WmodD3oS54jTQ9HVTIIg==

fast-json-stable-stringify@^2.1.0:
  version "2.1.0"
  resolved "https://registry.npmmirror.com/fast-json-stable-stringify/-/fast-json-stable-stringify-2.1.0.tgz"
  integrity sha512-lhd/wF+Lk98HZoTCtlVraHtfh5XYijIjalXck7saUtuanSDyLMxnHhSXEDJqHxD7msR8D0uCmqlkwjCV8xvwHw==

fast-querystring@^1.1.1:
  version "1.1.1"
  resolved "https://registry.npmmirror.com/fast-querystring/-/fast-querystring-1.1.1.tgz"
  integrity sha512-qR2r+e3HvhEFmpdHMv//U8FnFlnYjaC6QKDuaXALDkw2kvHO8WDjxH+f/rHGR4Me4pnk8p9JAkRNTjYHAKRn2Q==
  dependencies:
    fast-decode-uri-component "^1.0.1"

fast-url-parser@^1.1.3:
  version "1.1.3"
  resolved "https://registry.npmmirror.com/fast-url-parser/-/fast-url-parser-1.1.3.tgz"
  integrity sha512-5jOCVXADYNuRkKFzNJ0dCCewsZiYo0dz8QNYljkOpFC6r2U4OBmKtvm/Tsuh4w1YYdDqDb31a8TVhBJ2OJKdqQ==
  dependencies:
    punycode "^1.3.2"

fill-range@^7.0.1:
  version "7.0.1"
  resolved "https://registry.npmmirror.com/fill-range/-/fill-range-7.0.1.tgz"
  integrity sha512-qOo9F+dMUmC2Lcb4BbVvnKJxTPjCm+RRpe4gDuGrzkL7mEVl/djYSu2OdQ2Pa302N4oqkSg9ir6jaLWJ2USVpQ==
  dependencies:
    to-regex-range "^5.0.1"

fsevents@~2.3.2:
  version "2.3.2"
  resolved "https://registry.npmjs.org/fsevents/-/fsevents-2.3.2.tgz"
  integrity sha512-xiqMQR4xAeHTuB9uWm+fFRcIOgKBMiOBP+eXiyT7jsgVCq1bkVygt00oASowB7EdtpOHaaPgKt812P9ab+DDKA==

glob-parent@~5.1.2:
  version "5.1.2"
  resolved "https://registry.npmjs.org/glob-parent/-/glob-parent-5.1.2.tgz"
  integrity sha512-AOIgSQCepiJYwP3ARnGx+5VnTu2HBYdzbGP45eLw1vr3zB3vZLeyed1sC9hnbcOc9/SrMyM5RPQrkGz4aS9Zow==
  dependencies:
    is-glob "^4.0.1"

graphql-yoga@^3.2.1:
  version "3.9.0"
  resolved "https://registry.npmmirror.com/graphql-yoga/-/graphql-yoga-3.9.0.tgz"
  integrity sha512-iHHY8iGBd++p1lLoIAknNc6cFTjkKjD7kFYp8zP+svv87SVM1sx0ep+0EHTT+Ye11ZGW375REbYgS3P46x+Kkw==
  dependencies:
    "@envelop/core" "^3.0.4"
    "@envelop/validation-cache" "^5.1.2"
    "@graphql-tools/executor" "^0.0.16"
    "@graphql-tools/schema" "^9.0.0"
    "@graphql-tools/utils" "^9.2.1"
    "@graphql-yoga/logger" "^0.0.1"
    "@graphql-yoga/subscription" "^3.1.0"
    "@whatwg-node/fetch" "^0.8.4"
    "@whatwg-node/server" "^0.7.3"
    dset "^3.1.1"
    lru-cache "^7.14.1"
    tslib "^2.3.1"

graphql@^16.5.0:
  version "16.6.0"
  resolved "https://registry.npmmirror.com/graphql/-/graphql-16.6.0.tgz"
  integrity sha512-KPIBPDlW7NxrbT/eh4qPXz5FiFdL5UbaA0XUNz2Rp3Z3hqBSkbj0GVjwFDztsWVauZUWsbKHgMg++sk8UX0bkw==

immutable@^4.0.0:
  version "4.3.0"
  resolved "https://registry.npmjs.org/immutable/-/immutable-4.3.0.tgz"
  integrity sha512-0AOCmOip+xgJwEVTQj1EfiDDOkPmuyllDuTuEX+DDXUgapLAsBIfkg3sxCYyCEA8mQqZrrxPUGjcOQ2JS3WLkg==

is-binary-path@~2.1.0:
  version "2.1.0"
  resolved "https://registry.npmjs.org/is-binary-path/-/is-binary-path-2.1.0.tgz"
  integrity sha512-ZMERYes6pDydyuGidse7OsHxtbI7WVeUEozgR/g7rd0xUimYNlvZRE/K2MgZTjWy725IfelLeVcEM97mmtRGXw==
  dependencies:
    binary-extensions "^2.0.0"

is-extglob@^2.1.1:
  version "2.1.1"
  resolved "https://registry.npmjs.org/is-extglob/-/is-extglob-2.1.1.tgz"
  integrity sha512-SbKbANkN603Vi4jEZv49LeVJMn4yGwsbzZworEoyEiutsN3nJYdbO36zfhGJ6QEDpOZIFkDtnq5JRxmvl3jsoQ==

is-glob@^4.0.1, is-glob@~4.0.1:
  version "4.0.3"
  resolved "https://registry.npmjs.org/is-glob/-/is-glob-4.0.3.tgz"
  integrity sha512-xelSayHH36ZgE7ZWhli7pW34hNbNl8Ojv5KVmkJD4hBdD3th8Tfk9vYasLM+mXWOZhFkgZfxhLSnrwRr4elSSg==
  dependencies:
    is-extglob "^2.1.1"

is-number@^7.0.0:
  version "7.0.0"
  resolved "https://registry.npmmirror.com/is-number/-/is-number-7.0.0.tgz"
  integrity sha512-41Cifkg6e8TylSpdtTpeLVMqvSBEVzTttHvERD741+pnZ8ANv0004MRL43QKPDlK9cGvNp6NZWZUBlbGXYxxng==

"js-tokens@^3.0.0 || ^4.0.0":
  version "4.0.0"
  resolved "https://registry.npmmirror.com/js-tokens/-/js-tokens-4.0.0.tgz"
  integrity sha512-RdJUflcE3cUzKiMqQgsCu06FPu9UdIJO0beYbPhHN4k6apgJtifcoCtT9bcxOpYBtpD2kCM6Sbzg4CausW/PKQ==

loose-envify@^1.1.0:
  version "1.4.0"
  resolved "https://registry.npmmirror.com/loose-envify/-/loose-envify-1.4.0.tgz"
  integrity sha512-lyuxPGr/Wfhrlem2CL/UcnUc1zcqKAImBDzukY7Y5F/yQiNdko6+fRLevlw1HgMySw7f611UIY408EtxRSoK3Q==
  dependencies:
    js-tokens "^3.0.0 || ^4.0.0"

lru-cache@^6.0.0:
  version "6.0.0"
  resolved "https://registry.npmmirror.com/lru-cache/-/lru-cache-6.0.0.tgz"
  integrity sha512-Jo6dJ04CmSjuznwJSS3pUeWmd/H0ffTlkXXgwZi+eq1UCmqQwCh+eLsYOYCwY991i2Fah4h1BEMCx4qThGbsiA==
  dependencies:
    yallist "^4.0.0"

lru-cache@^7.14.1:
  version "7.18.3"
  resolved "https://registry.npmmirror.com/lru-cache/-/lru-cache-7.18.3.tgz"
  integrity sha512-jumlc0BIUrS3qJGgIkWZsyfAM7NCWiBcCDhnd+3NNM5KbBmLTgHVfWBcg6W+rLUsIpzpERPsvwUP7CckAQSOoA==

nanoid@^3.3.4:
  version "3.3.6"
  resolved "https://registry.npmjs.org/nanoid/-/nanoid-3.3.6.tgz"
  integrity sha512-BGcqMMJuToF7i1rt+2PWSNVnWIkGCU78jBG3RxO/bZlnZPK2Cmi2QaffxGO/2RvWi9sL+FAiRiXMgsyxQ1DIDA==

next@13.1.1:
  version "13.1.1"
  resolved "https://registry.npmjs.org/next/-/next-13.1.1.tgz"
  integrity sha512-R5eBAaIa3X7LJeYvv1bMdGnAVF4fVToEjim7MkflceFPuANY3YyvFxXee/A+acrSYwYPvOvf7f6v/BM/48ea5w==
  dependencies:
    "@next/env" "13.1.1"
    "@swc/helpers" "0.4.14"
    caniuse-lite "^1.0.30001406"
    postcss "8.4.14"
    styled-jsx "5.1.1"
  optionalDependencies:
    "@next/swc-android-arm-eabi" "13.1.1"
    "@next/swc-android-arm64" "13.1.1"
    "@next/swc-darwin-arm64" "13.1.1"
    "@next/swc-darwin-x64" "13.1.1"
    "@next/swc-freebsd-x64" "13.1.1"
    "@next/swc-linux-arm-gnueabihf" "13.1.1"
    "@next/swc-linux-arm64-gnu" "13.1.1"
    "@next/swc-linux-arm64-musl" "13.1.1"
    "@next/swc-linux-x64-gnu" "13.1.1"
    "@next/swc-linux-x64-musl" "13.1.1"
    "@next/swc-win32-arm64-msvc" "13.1.1"
    "@next/swc-win32-ia32-msvc" "13.1.1"
    "@next/swc-win32-x64-msvc" "13.1.1"

normalize-path@^3.0.0, normalize-path@~3.0.0:
  version "3.0.0"
  resolved "https://registry.npmjs.org/normalize-path/-/normalize-path-3.0.0.tgz"
  integrity sha512-6eZs5Ls3WtCisHWp9S2GUy8dqkpGi4BVSz3GaqiE6ezub0512ESztXUwUB6C6IKbQkY2Pnb/mD4WYojCRwcwLA==

picocolors@^1.0.0:
  version "1.0.0"
  resolved "https://registry.npmjs.org/picocolors/-/picocolors-1.0.0.tgz"
  integrity sha512-1fygroTLlHu66zi26VoTDv8yRgm0Fccecssto+MhsZ0D/DGW2sm8E8AjW7NU5VVTRt5GxbeZ5qBuJr+HyLYkjQ==

picomatch@^2.0.4, picomatch@^2.2.1:
  version "2.3.1"
  resolved "https://registry.npmjs.org/picomatch/-/picomatch-2.3.1.tgz"
  integrity sha512-JU3teHTNjmE2VCGFzuY8EXzCDVwEqB2a8fsIvwaStHhAWJEeVd1o1QD80CU6+ZdEXXSLbSsuLwJjkCBWqRQUVA==

postcss@8.4.14:
  version "8.4.14"
  resolved "https://registry.npmjs.org/postcss/-/postcss-8.4.14.tgz"
  integrity sha512-E398TUmfAYFPBSdzgeieK2Y1+1cpdxJx8yXbK/m57nRhKSmk1GB2tO4lbLBtlkfPQTDKfe4Xqv1ASWPpayPEig==
  dependencies:
    nanoid "^3.3.4"
    picocolors "^1.0.0"
    source-map-js "^1.0.2"

punycode@^1.3.2:
  version "1.4.1"
  resolved "https://registry.npmmirror.com/punycode/-/punycode-1.4.1.tgz"
  integrity sha512-jmYNElW7yvO7TV33CjSmvSiE2yco3bV2czu/OzDKdMNVZQWfxCblURLhf+47syQRBntjfLdd/H0egrzIG+oaFQ==

pvtsutils@^1.3.2:
  version "1.3.2"
  resolved "https://registry.npmmirror.com/pvtsutils/-/pvtsutils-1.3.2.tgz"
  integrity sha512-+Ipe2iNUyrZz+8K/2IOo+kKikdtfhRKzNpQbruF2URmqPtoqAs8g3xS7TJvFF2GcPXjh7DkqMnpVveRFq4PgEQ==
  dependencies:
    tslib "^2.4.0"

pvutils@^1.1.3:
  version "1.1.3"
  resolved "https://registry.npmmirror.com/pvutils/-/pvutils-1.1.3.tgz"
  integrity sha512-pMpnA0qRdFp32b1sJl1wOJNxZLQ2cbQx+k6tjNtZ8CpvVhNqEPRgivZ2WOUev2YMajecdH7ctUPDvEe87nariQ==

react-dom@^18.2.0:
  version "18.2.0"
  resolved "https://registry.npmmirror.com/react-dom/-/react-dom-18.2.0.tgz"
  integrity sha512-6IMTriUmvsjHUjNtEDudZfuDQUoWXVxKHhlEGSk81n4YFS+r/Kl99wXiwlVXtPBtJenozv2P+hxDsw9eA7Xo6g==
  dependencies:
    loose-envify "^1.1.0"
    scheduler "^0.23.0"

react@^18.2.0:
  version "18.2.0"
  resolved "https://registry.npmmirror.com/react/-/react-18.2.0.tgz"
  integrity sha512-/3IjMdb2L9QbBdWiW5e3P2/npwMBaU9mHCSCUzNln0ZCYbcfTsGbTJrU/kGemdH2IWmB2ioZ+zkxtmq6g09fGQ==
  dependencies:
    loose-envify "^1.1.0"

readdirp@~3.6.0:
  version "3.6.0"
  resolved "https://registry.npmjs.org/readdirp/-/readdirp-3.6.0.tgz"
  integrity sha512-hOS089on8RduqdbhvQ5Z37A0ESjsqz6qnRcffsMU3495FuTdqSm+7bhJ29JvIOsBDEEnan5DPu9t3To9VRlMzA==
  dependencies:
    picomatch "^2.2.1"

sass@^1.62.0:
  version "1.62.0"
  resolved "https://registry.npmjs.org/sass/-/sass-1.62.0.tgz"
  integrity sha512-Q4USplo4pLYgCi+XlipZCWUQz5pkg/ruSSgJ0WRDSb/+3z9tXUOkQ7QPYn4XrhZKYAK4HlpaQecRwKLJX6+DBg==
  dependencies:
    chokidar ">=3.0.0 <4.0.0"
    immutable "^4.0.0"
    source-map-js ">=0.6.2 <2.0.0"

scheduler@^0.23.0:
  version "0.23.0"
  resolved "https://registry.npmmirror.com/scheduler/-/scheduler-0.23.0.tgz"
  integrity sha512-CtuThmgHNg7zIZWAXi3AsyIzA3n4xx7aNyjwC2VJldO2LMVDhFK+63xGqq6CsJH4rTAt6/M+N4GhZiDYPx9eUw==
  dependencies:
    loose-envify "^1.1.0"

sha1-es@^1.8.2:
  version "1.8.2"
  resolved "https://registry.npmmirror.com/sha1-es/-/sha1-es-1.8.2.tgz"
  integrity sha512-7gzO0Y7RBt1Qsq8D1fC+So6zsnkwRcZas8sGO9Xp4bOkDhG5s4fzSP0i9yUs6aVzSH7+urqqh6uk0z+dMDeF9A==

"source-map-js@>=0.6.2 <2.0.0", source-map-js@^1.0.2:
  version "1.0.2"
  resolved "https://registry.npmmirror.com/source-map-js/-/source-map-js-1.0.2.tgz"
  integrity sha512-R0XvVJ9WusLiqTCEiGCmICCMplcCkIwwR11mOSD9CR5u+IXYdiseeEuXCVAjS54zqwkLcPNnmU4OeJ6tUrWhDw==

streamsearch@^1.1.0:
  version "1.1.0"
  resolved "https://registry.npmmirror.com/streamsearch/-/streamsearch-1.1.0.tgz"
  integrity sha512-Mcc5wHehp9aXz1ax6bZUyY5afg9u2rv5cqQI3mRrYkGC8rW2hM02jWuwjtL++LS5qinSyhj2QfLyNsuc+VsExg==

styled-jsx@5.1.1:
  version "5.1.1"
  resolved "https://registry.npmjs.org/styled-jsx/-/styled-jsx-5.1.1.tgz"
  integrity sha512-pW7uC1l4mBZ8ugbiZrcIsiIvVx1UmTfw7UkC3Um2tmfUq9Bhk8IiyEIPl6F8agHgjzku6j0xQEZbfA5uSgSaCw==
  dependencies:
    client-only "0.0.1"

swr@^2.0.0:
  version "2.1.3"
  resolved "https://registry.npmmirror.com/swr/-/swr-2.1.3.tgz"
  integrity sha512-g3ApxIM4Fjbd6vvEAlW60hJlKcYxHb+wtehogTygrh6Jsw7wNagv9m4Oj5Gq6zvvZw0tcyhVGL9L0oISvl3sUw==
  dependencies:
    use-sync-external-store "^1.2.0"

to-regex-range@^5.0.1:
  version "5.0.1"
  resolved "https://registry.npmmirror.com/to-regex-range/-/to-regex-range-5.0.1.tgz"
  integrity sha512-65P7iz6X5yEr1cwcgvQxbbIw7Uk3gOy5dIdtZ4rDveLqhrdJP+Li/Hx6tyK0NEb+2GCyneCMJiGqrADCSNk8sQ==
  dependencies:
    is-number "^7.0.0"

tslib@^2.0.0, tslib@^2.3.1, tslib@^2.4.0, tslib@^2.5.0:
  version "2.5.0"
  resolved "https://registry.npmmirror.com/tslib/-/tslib-2.5.0.tgz"
  integrity sha512-336iVw3rtn2BUK7ORdIAHTyxHGRIHVReokCR3XjbckJMK7ms8FysBfhLR8IXnAgy7T0PTPNBWKiH514FOW/WSg==

typescript@^4.7.4:
  version "4.9.5"
  resolved "https://registry.npmmirror.com/typescript/-/typescript-4.9.5.tgz"
  integrity sha512-1FXk9E2Hm+QzZQ7z+McJiHL4NW1F2EzMu9Nq9i3zAaGqibafqYwCVU6WyWAuyQRRzOlxou8xZSyXLEN8oKj24g==

urlpattern-polyfill@^7.0.0:
  version "7.0.0"
  resolved "https://registry.npmmirror.com/urlpattern-polyfill/-/urlpattern-polyfill-7.0.0.tgz"
  integrity sha512-fErMjbZwveQIk+EY4vxM5GKDuInBOigxmjM6WT2R/cV2ETVyFtDHeU+VmbnfuJ5sp0qNbyUBelTO/60/d+/SSQ==
  dependencies:
    braces "^3.0.2"

use-sync-external-store@^1.2.0:
  version "1.2.0"
  resolved "https://registry.npmmirror.com/use-sync-external-store/-/use-sync-external-store-1.2.0.tgz"
  integrity sha512-eEgnFxGQ1Ife9bzYs6VLi8/4X6CObHMw9Qr9tPY43iKwsPw8xE8+EFsf/2cFZ5S3esXgpWgtSCtLNS41F+sKPA==

value-or-promise@1.0.12:
  version "1.0.12"
  resolved "https://registry.npmmirror.com/value-or-promise/-/value-or-promise-1.0.12.tgz"
  integrity sha512-Z6Uz+TYwEqE7ZN50gwn+1LCVo9ZVrpxRPOhOLnncYkY1ZzOYtrX8Fwf/rFktZ8R5mJms6EZf5TqNOMeZmnPq9Q==

web-streams-polyfill@^3.2.1:
  version "3.2.1"
  resolved "https://registry.npmmirror.com/web-streams-polyfill/-/web-streams-polyfill-3.2.1.tgz"
  integrity sha512-e0MO3wdXWKrLbL0DgGnUV7WHVuw9OUvL4hjgnPkIeEvESk74gAITi5G606JtZPp39cd8HA9VQzCIvA49LpPN5Q==

webcrypto-core@^1.7.7:
  version "1.7.7"
  resolved "https://registry.npmmirror.com/webcrypto-core/-/webcrypto-core-1.7.7.tgz"
  integrity sha512-7FjigXNsBfopEj+5DV2nhNpfic2vumtjjgPmeDKk45z+MJwXKKfhPB7118Pfzrmh4jqOMST6Ch37iPAHoImg5g==
  dependencies:
    "@peculiar/asn1-schema" "^2.3.6"
    "@peculiar/json-schema" "^1.1.12"
    asn1js "^3.0.1"
    pvtsutils "^1.3.2"
    tslib "^2.4.0"

yallist@^4.0.0:
  version "4.0.0"
  resolved "https://registry.npmmirror.com/yallist/-/yallist-4.0.0.tgz"
  integrity sha512-3wdGidZyq5PB084XLES5TpOSRA3wjXAlIWMhum2kRcv/41Sn2emQ0dycQW4uZXLejwKvg6EsvbdlVL+FYEct7A==
